
Microsoft Visual Studio Solution File, Format Version 12.00
# Visual Studio Version 16
VisualStudioVersion = 16.0.31321.278
MinimumVisualStudioVersion = 10.0.40219.1
Project("{9A19103F-16F7-4668-BE54-9A1E7A4F7556}") = "MovieShopMVC", "MovieShopMVC\MovieShopMVC.csproj", "{B5821C85-E026-4A92-AD47-D66E35FB84C6}"
EndProject
Project("{9A19103F-16F7-4668-BE54-9A1E7A4F7556}") = "ApplicationCore", "ApplicationCore\ApplicationCore.csproj", "{2F64D7EA-3499-4E71-9B68-88E5F52B71D8}"
EndProject
Project("{9A19103F-16F7-4668-BE54-9A1E7A4F7556}") = "Infrastructure", "Infrastructure\Infrastructure.csproj", "{4F046A48-3278-4E6D-805D-3440A4493D9D}"
EndProject
Project("{FAE04EC0-301F-11D3-BF4B-00C04F79EFBC}") = "MovieShopAPI", "MovieShopAPI\MovieShopAPI.csproj", "{582458ED-3377-4D5A-8DE5-38FEFE6F2082}"
EndProject
Global
	GlobalSection(SolutionConfigurationPlatforms) = preSolution
		Debug|Any CPU = Debug|Any CPU
		Release|Any CPU = Release|Any CPU
	EndGlobalSection
	GlobalSection(ProjectConfigurationPlatforms) = postSolution
		{B5821C85-E026-4A92-AD47-D66E35FB84C6}.Debug|Any CPU.ActiveCfg = Debug|Any CPU
		{B5821C85-E026-4A92-AD47-D66E35FB84C6}.Debug|Any CPU.Build.0 = Debug|Any CPU
		{B5821C85-E026-4A92-AD47-D66E35FB84C6}.Release|Any CPU.ActiveCfg = Release|Any CPU
		{B5821C85-E026-4A92-AD47-D66E35FB84C6}.Release|Any CPU.Build.0 = Release|Any CPU
		{2F64D7EA-3499-4E71-9B68-88E5F52B71D8}.Debug|Any CPU.ActiveCfg = Debug|Any CPU
		{2F64D7EA-3499-4E71-9B68-88E5F52B71D8}.Debug|Any CPU.Build.0 = Debug|Any CPU
		{2F64D7EA-3499-4E71-9B68-88E5F52B71D8}.Release|Any CPU.ActiveCfg = Release|Any CPU
		{2F64D7EA-3499-4E71-9B68-88E5F52B71D8}.Release|Any CPU.Build.0 = Release|Any CPU
		{4F046A48-3278-4E6D-805D-3440A4493D9D}.Debug|Any CPU.ActiveCfg = Debug|Any CPU
		{4F046A48-3278-4E6D-805D-3440A4493D9D}.Debug|Any CPU.Build.0 = Debug|Any CPU
		{4F046A48-3278-4E6D-805D-3440A4493D9D}.Release|Any CPU.ActiveCfg = Release|Any CPU
		{4F046A48-3278-4E6D-805D-3440A4493D9D}.Release|Any CPU.Build.0 = Release|Any CPU
		{582458ED-3377-4D5A-8DE5-38FEFE6F2082}.Debug|Any CPU.ActiveCfg = Debug|Any CPU
		{582458ED-3377-4D5A-8DE5-38FEFE6F2082}.Debug|Any CPU.Build.0 = Debug|Any CPU
		{582458ED-3377-4D5A-8DE5-38FEFE6F2082}.Release|Any CPU.ActiveCfg = Release|Any CPU
		{582458ED-3377-4D5A-8DE5-38FEFE6F2082}.Release|Any CPU.Build.0 = Release|Any CPU
	EndGlobalSection
	GlobalSection(SolutionProperties) = preSolution
		HideSolutionNode = FALSE
	EndGlobalSection
	GlobalSection(ExtensibilityGlobals) = postSolution
		SolutionGuid = {6E76BB6B-9729-48DC-8693-D4C34E0C4F8D}
	EndGlobalSection
EndGlobal
